{
  "name": "postcode",
  "version": "0.0.0",
  "lockfileVersion": 3,
  "requires": true,
  "packages": {
    "": {
      "name": "postcode",
      "version": "0.0.0",
      "dependencies": {
        "@statelyai/graph": "2.4.0",
        "string-width": "8.3.0",
        "typescript": "6.0.3"
      },
      "devDependencies": {
        "@types/node": "22.20.2"
      },
      "engines": {
        "node": ">=22.13.0"
      }
    },
    "node_modules/@statelyai/graph": {
      "version": "2.4.0",
      "resolved": "https://registry.npmjs.org/@statelyai/graph/-/graph-2.4.0.tgz",
      "integrity": "sha512-bJfR7s7q2s/0fyM17qJl3QBVBnYj38OzmWYkpXstkD8DVTuFNvwfpGXtkOAbHWqDmdLerRGmcRRS+mUsJYC7gQ==",
      "license": "MIT",
      "peerDependencies": {
        "@dagrejs/dagre": "^3.0.0 || ^4.0.0",
        "@hpcc-js/wasm-graphviz": "^1.0.0",
        "cytoscape": "^3.0.0",
        "d3-force": "^3.0.0",
        "d3-hierarchy": "^3.0.0",
        "dotparser": "^1.0.0",
        "elkjs": "^0.9.0 || ^0.10.0 || ^0.11.0",
        "fast-xml-parser": "^5.0.0",
        "graphology": "^0.26.0",
        "graphology-layout-forceatlas2": "^0.10.0",
        "webcola": "^3.4.0",
        "zod": "^4.0.0"
      },
      "peerDependenciesMeta": {
        "@dagrejs/dagre": {
          "optional": true
        },
        "@hpcc-js/wasm-graphviz": {
          "optional": true
        },
        "cytoscape": {
          "optional": true
        },
        "d3-force": {
          "optional": true
        },
        "d3-hierarchy": {
          "optional": true
        },
        "dotparser": {
          "optional": true
        },
        "elkjs": {
          "optional": true
        },
        "fast-xml-parser": {
          "optional": true
        },
        "graphology": {
          "optional": true
        },
        "graphology-layout-forceatlas2": {
          "optional": true
        },
        "webcola": {
          "optional": true
        },
        "zod": {
          "optional": true
        }
      }
    },
    "node_modules/@types/node": {
      "version": "22.20.2",
      "resolved": "https://registry.npmjs.org/@types/node/-/node-22.20.2.tgz",
      "integrity": "sha512-xlvWf4Vs9n1PEVYwP1n4vvG07M6y8WgvJ2t0vbrWTmijsIHp1cS+uJ2kMIRdY3nHZK0nCYKrPeD171+SzF4/zw==",
      "dev": true,
      "license": "MIT",
      "dependencies": {
        "undici-types": "~6.21.0"
      }
    },
    "node_modules/ansi-regex": {
      "version": "6.4.0",
      "resolved": "https://registry.npmjs.org/ansi-regex/-/ansi-regex-6.4.0.tgz",
      "integrity": "sha512-KzTVk2tCWAHtYrvvvaP8bJKJq2pVinhLcGEQdtLIYPbmNGNyYe8QwNaTUYQp2J7/vIsUKt5QCqAfUkYyG9DkOw==",
      "license": "MIT",
      "engines": {
        "node": ">=12"
      },
      "funding": {
        "url": "https://github.com/chalk/ansi-regex?sponsor=1"
      }
    },
    "node_modules/get-east-asian-width": {
      "version": "1.7.0",
      "resolved": "https://registry.npmjs.org/get-east-asian-width/-/get-east-asian-width-1.7.0.tgz",
      "integrity": "sha512-XjH1AECxf0giL2V1aU8vKyRR2ppRUb5c0EvT7zuJTokQ74bNo52zOtghqdWIqrhUD79fo3x0WfKZdOqxF6LG1Q==",
      "license": "MIT",
      "engines": {
        "node": ">=18"
      },
      "funding": {
        "url": "https://github.com/sponsors/sindresorhus"
      }
    },
    "node_modules/string-width": {
      "version": "8.3.0",
      "resolved": "https://registry.npmjs.org/string-width/-/string-width-8.3.0.tgz",
      "integrity": "sha512-ZbmZM0JCihQN91dWnxoipT2KOEyHqEyfRXUyjuRhW8b/xnqPDoq4gWEVApTVa9db2wN8mmoikgFBbjh71+cGeQ==",
      "license": "MIT",
      "dependencies": {
        "get-east-asian-width": "^1.5.0",
        "strip-ansi": "^7.1.2"
      },
      "engines": {
        "node": ">=20"
      },
      "funding": {
        "url": "https://github.com/sponsors/sindresorhus"
      }
    },
    "node_modules/strip-ansi": {
      "version": "7.2.0",
      "resolved": "https://registry.npmjs.org/strip-ansi/-/strip-ansi-7.2.0.tgz",
      "integrity": "sha512-yDPMNjp4WyfYBkHnjIRLfca1i6KMyGCtsVgoKe/z1+6vukgaENdgGBZt+ZmKPc4gavvEZ5OgHfHdrazhgNyG7w==",
      "license": "MIT",
      "dependencies": {
        "ansi-regex": "^6.2.2"
      },
      "engines": {
        "node": ">=12"
      },
      "funding": {
        "url": "https://github.com/chalk/strip-ansi?sponsor=1"
      }
    },
    "node_modules/typescript": {
      "version": "6.0.3",
      "resolved": "https://registry.npmjs.org/typescript/-/typescript-6.0.3.tgz",
      "integrity": "sha512-y2TvuxSZPDyQakkFRPZHKFm+KKVqIisdg9/CZwm9ftvKXLP8NRWj38/ODjNbr43SsoXqNuAisEf1GdCxqWcdBw==",
      "license": "Apache-2.0",
      "bin": {
        "tsc": "bin/tsc",
        "tsserver": "bin/tsserver"
      },
      "engines": {
        "node": ">=14.17"
      }
    },
    "node_modules/undici-types": {
      "version": "6.21.0",
      "resolved": "https://registry.npmjs.org/undici-types/-/undici-types-6.21.0.tgz",
      "integrity": "sha512-iwDZqg0QAGrg9Rav5H4n0M64c3mkR59cJ6wQp+7C4nI0gsmExaedaYLNO44eT4AtBBwjbTiGPMlt2Md0T9H9JQ==",
      "dev": true,
      "license": "MIT"
    }
  }
}
