{
  "name": "codex-graph-research",
  "lockfileVersion": 3,
  "requires": true,
  "packages": {
    "": {
      "name": "codex-graph-research",
      "dependencies": {
        "@dagrejs/graphlib": "4.0.5",
        "@rtsao/scc": "1.1.0",
        "@statelyai/graph": "2.4.0",
        "cytoscape": "3.34.3",
        "directed-graph-typed": "2.6.0",
        "graphology": "0.26.0",
        "graphology-components": "1.5.4",
        "strongly-connected-components": "1.0.1"
      }
    },
    "node_modules/@dagrejs/graphlib": {
      "version": "4.0.5",
      "resolved": "https://registry.npmjs.org/@dagrejs/graphlib/-/graphlib-4.0.5.tgz",
      "integrity": "sha512-7xrBTqIts3o+PMUZX97wSc+7TUbW+/rULzGNCTP6yooNVDXbzw4Wutg/H/xOutTB/c/k0YqOAavgPh4/Zk9PFA==",
      "license": "MIT"
    },
    "node_modules/@rtsao/scc": {
      "version": "1.1.0",
      "resolved": "https://registry.npmjs.org/@rtsao/scc/-/scc-1.1.0.tgz",
      "integrity": "sha512-zt6OdqaDoOnJ1ZYsCYGt9YmWzDXl4vQdKTyJev62gFhRGKdx7mcT54V9KIjg+d2wi9EXsPvAPKe7i7WjfVWB8g==",
      "license": "MIT"
    },
    "node_modules/@statelyai/graph": {
      "version": "2.4.0",
      "resolved": "https://registry.npmjs.org/@statelyai/graph/-/graph-2.4.0.tgz",
      "integrity": "sha512-bJfR7s7q2s/0fyM17qJl3QBVBnYj38OzmWYkpXstkD8DVTuFNvwfpGXtkOAbHWqDmdLerRGmcRRS+mUsJYC7gQ==",
      "license": "MIT",
      "peerDependencies": {
        "@dagrejs/dagre": "^3.0.0 || ^4.0.0",
        "@hpcc-js/wasm-graphviz": "^1.0.0",
        "cytoscape": "^3.0.0",
        "d3-force": "^3.0.0",
        "d3-hierarchy": "^3.0.0",
        "dotparser": "^1.0.0",
        "elkjs": "^0.9.0 || ^0.10.0 || ^0.11.0",
        "fast-xml-parser": "^5.0.0",
        "graphology": "^0.26.0",
        "graphology-layout-forceatlas2": "^0.10.0",
        "webcola": "^3.4.0",
        "zod": "^4.0.0"
      },
      "peerDependenciesMeta": {
        "@dagrejs/dagre": {
          "optional": true
        },
        "@hpcc-js/wasm-graphviz": {
          "optional": true
        },
        "cytoscape": {
          "optional": true
        },
        "d3-force": {
          "optional": true
        },
        "d3-hierarchy": {
          "optional": true
        },
        "dotparser": {
          "optional": true
        },
        "elkjs": {
          "optional": true
        },
        "fast-xml-parser": {
          "optional": true
        },
        "graphology": {
          "optional": true
        },
        "graphology-layout-forceatlas2": {
          "optional": true
        },
        "webcola": {
          "optional": true
        },
        "zod": {
          "optional": true
        }
      }
    },
    "node_modules/cytoscape": {
      "version": "3.34.3",
      "resolved": "https://registry.npmjs.org/cytoscape/-/cytoscape-3.34.3.tgz",
      "integrity": "sha512-yfYGhRcGAntq6YBD583j4n0Eg3jIxvWmZtz/5uz9UYkeIStSlMxuUja+ec5j3iBD8nv1rwaOAYMW09tBdkSeaQ==",
      "license": "MIT",
      "engines": {
        "node": ">=0.10"
      }
    },
    "node_modules/data-structure-typed": {
      "version": "2.6.4",
      "resolved": "https://registry.npmjs.org/data-structure-typed/-/data-structure-typed-2.6.4.tgz",
      "integrity": "sha512-JzHi4RRd7DucNqPkTOo7kkYjd9UheBwSsKFap27PG2orKW66MW1HXzvRwCrnVvOE3wZkkEil7QqExmzQLx8rsQ==",
      "license": "MIT",
      "engines": {
        "node": ">=12.20.0",
        "npm": ">=6.14.0"
      }
    },
    "node_modules/directed-graph-typed": {
      "version": "2.6.0",
      "resolved": "https://registry.npmjs.org/directed-graph-typed/-/directed-graph-typed-2.6.0.tgz",
      "integrity": "sha512-RQZdu6ll9634fGnsxyOLDzzke/pND2bfXkqJqgRFUfxxvfpH91tj/9MhgOJoPgNINl5QFGNYfKRkCGJM4w70kA==",
      "license": "MIT",
      "dependencies": {
        "data-structure-typed": "^2.6.0"
      },
      "engines": {
        "node": ">=12.20.0",
        "npm": ">=6.14.0"
      }
    },
    "node_modules/events": {
      "version": "3.3.0",
      "resolved": "https://registry.npmjs.org/events/-/events-3.3.0.tgz",
      "integrity": "sha512-mQw+2fkQbALzQ7V0MY0IqdnXNOeTtP4r0lN9z7AAawCXgqea7bDii20AYrIBrFd/Hx0M2Ocz6S111CaFkUcb0Q==",
      "license": "MIT",
      "engines": {
        "node": ">=0.8.x"
      }
    },
    "node_modules/graphology": {
      "version": "0.26.0",
      "resolved": "https://registry.npmjs.org/graphology/-/graphology-0.26.0.tgz",
      "integrity": "sha512-8SSImzgUUYC89Z042s+0r/vMibY7GX/Emz4LDO5e7jYXhuoWfHISPFJYjpRLUSJGq6UQ6xlenvX1p/hJdfXuXg==",
      "license": "MIT",
      "dependencies": {
        "events": "^3.3.0"
      },
      "peerDependencies": {
        "graphology-types": ">=0.24.0"
      }
    },
    "node_modules/graphology-components": {
      "version": "1.5.4",
      "resolved": "https://registry.npmjs.org/graphology-components/-/graphology-components-1.5.4.tgz",
      "integrity": "sha512-O37vC226wgnN0C6FUWHNe4fbTzaF51CcQjwX3naId/QTzH/PkUtXaanCShj9ws5Vju+z4u3zvSeEZE84Bo9jlA==",
      "license": "MIT",
      "dependencies": {
        "graphology-indices": "^0.17.0",
        "graphology-utils": "^2.1.2"
      },
      "peerDependencies": {
        "graphology-types": ">=0.19.0"
      }
    },
    "node_modules/graphology-indices": {
      "version": "0.17.0",
      "resolved": "https://registry.npmjs.org/graphology-indices/-/graphology-indices-0.17.0.tgz",
      "integrity": "sha512-A7RXuKQvdqSWOpn7ZVQo4S33O0vCfPBnUSf7FwE0zNCasqwZVUaCXePuWo5HBpWw68KJcwObZDHpFk6HKH6MYQ==",
      "license": "MIT",
      "dependencies": {
        "graphology-utils": "^2.4.2",
        "mnemonist": "^0.39.0"
      },
      "peerDependencies": {
        "graphology-types": ">=0.20.0"
      }
    },
    "node_modules/graphology-types": {
      "version": "0.24.8",
      "resolved": "https://registry.npmjs.org/graphology-types/-/graphology-types-0.24.8.tgz",
      "integrity": "sha512-hDRKYXa8TsoZHjgEaysSRyPdT6uB78Ci8WnjgbStlQysz7xR52PInxNsmnB7IBOM1BhikxkNyCVEFgmPKnpx3Q==",
      "license": "MIT",
      "peer": true
    },
    "node_modules/graphology-utils": {
      "version": "2.5.2",
      "resolved": "https://registry.npmjs.org/graphology-utils/-/graphology-utils-2.5.2.tgz",
      "integrity": "sha512-ckHg8MXrXJkOARk56ZaSCM1g1Wihe2d6iTmz1enGOz4W/l831MBCKSayeFQfowgF8wd+PQ4rlch/56Vs/VZLDQ==",
      "license": "MIT",
      "peerDependencies": {
        "graphology-types": ">=0.23.0"
      }
    },
    "node_modules/mnemonist": {
      "version": "0.39.8",
      "resolved": "https://registry.npmjs.org/mnemonist/-/mnemonist-0.39.8.tgz",
      "integrity": "sha512-vyWo2K3fjrUw8YeeZ1zF0fy6Mu59RHokURlld8ymdUPjMlD9EC9ov1/YPqTgqRvUN9nTr3Gqfz29LYAmu0PHPQ==",
      "license": "MIT",
      "dependencies": {
        "obliterator": "^2.0.1"
      }
    },
    "node_modules/obliterator": {
      "version": "2.0.5",
      "resolved": "https://registry.npmjs.org/obliterator/-/obliterator-2.0.5.tgz",
      "integrity": "sha512-42CPE9AhahZRsMNslczq0ctAEtqk8Eka26QofnqC346BZdHDySk3LWka23LI7ULIw11NmltpiLagIq8gBozxTw==",
      "license": "MIT"
    },
    "node_modules/strongly-connected-components": {
      "version": "1.0.1",
      "resolved": "https://registry.npmjs.org/strongly-connected-components/-/strongly-connected-components-1.0.1.tgz",
      "integrity": "sha512-i0TFx4wPcO0FwX+4RkLJi1MxmcTv90jNZgxMu9XRnMXMeFUY1VJlIoXpZunPUvUUqbCT1pg5PEkFqqpcaElNaA==",
      "license": "MIT"
    }
  }
}
